
Microsoft Visual Studio Solution File, Format Version 12.00
# Visual Studio Version 16
VisualStudioVersion = 16.0.29409.12
MinimumVisualStudioVersion = 10.0.40219.1
Project("{FAE04EC0-301F-11D3-BF4B-00C04F79EFBC}") = "restaurant", "restaurant\restaurant.csproj", "{6B436DF1-8DE1-4E7B-846A-E948A37DEA4C}"
EndProject
Global
	GlobalSection(SolutionConfigurationPlatforms) = preSolution
		Debug|Any CPU = Debug|Any CPU
		Release|Any CPU = Release|Any CPU
	EndGlobalSection
	GlobalSection(ProjectConfigurationPlatforms) = postSolution
		{6B436DF1-8DE1-4E7B-846A-E948A37DEA4C}.Debug|Any CPU.ActiveCfg = Debug|Any CPU
		{6B436DF1-8DE1-4E7B-846A-E948A37DEA4C}.Debug|Any CPU.Build.0 = Debug|Any CPU
		{6B436DF1-8DE1-4E7B-846A-E948A37DEA4C}.Release|Any CPU.ActiveCfg = Release|Any CPU
		{6B436DF1-8DE1-4E7B-846A-E948A37DEA4C}.Release|Any CPU.Build.0 = Release|Any CPU
	EndGlobalSection
	GlobalSection(SolutionProperties) = preSolution
		HideSolutionNode = FALSE
	EndGlobalSection
	GlobalSection(ExtensibilityGlobals) = postSolution
		SolutionGuid = {4784ECDB-236E-40CF-B240-161F1EBFAEE2}
	EndGlobalSection
EndGlobal
